// !$*UTF8*$!
{
	archiveVersion = 1;
	classes = {
	};
	objectVersion = 46;
	objects = {

/* Begin PBXBuildFile section */
		D4A925D81ADF5CBA007595E4 /* AppDelegate.swift in Sources */ = {isa = PBXBuildFile; fileRef = D4A925D71ADF5CBA007595E4 /* AppDelegate.swift */; };
		D4A925DA1ADF5CBA007595E4 /* ViewController.swift in Sources */ = {isa = PBXBuildFile; fileRef = D4A925D91ADF5CBA007595E4 /* ViewController.swift */; };
		D4A925DD1ADF5CBA007595E4 /* Main.storyboard in Resources */ = {isa = PBXBuildFile; fileRef = D4A925DB1ADF5CBA007595E4 /* Main.storyboard */; };
		D4A925DF1ADF5CBA007595E4 /* Images.xcassets in Resources */ = {isa = PBXBuildFile; fileRef = D4A925DE1ADF5CBA007595E4 /* Images.xcassets */; };
		D4A925E21ADF5CBA007595E4 /* LaunchScreen.xib in Resources */ = {isa = PBXBuildFile; fileRef = D4A925E01ADF5CBA007595E4 /* LaunchScreen.xib */; };
		D4A925EE1ADF5CBA007595E4 /* Bio4Tests.swift in Sources */ = {isa = PBXBuildFile; fileRef = D4A925ED1ADF5CBA007595E4 /* Bio4Tests.swift */; };
/* End PBXBuildFile section */

/* Begin PBXContainerItemProxy section */
		D4A925E81ADF5CBA007595E4 /* PBXContainerItemProxy */ = {
			isa = PBXContainerItemProxy;
			containerPortal = D4A925CA1ADF5CBA007595E4 /* Project object */;
			proxyType = 1;
			remoteGlobalIDString = D4A925D11ADF5CBA007595E4;
			remoteInfo = Bio4;
		};
/* End PBXContainerItemProxy section */

/* Begin PBXFileReference section */
		D4A925D21ADF5CBA007595E4 /* Bio4.app */ = {isa = PBXFileReference; explicitFileType = wrapper.application; includeInIndex = 0; path = Bio4.app; sourceTree = BUILT_PRODUCTS_DIR; };
		D4A925D61ADF5CBA007595E4 /* Info.plist */ = {isa = PBXFileReference; lastKnownFileType = text.plist.xml; path = Info.plist; sourceTree = "<group>"; };
		D4A925D71ADF5CBA007595E4 /* AppDelegate.swift */ = {isa = PBXFileReference; lastKnownFileType = sourcecode.swift; path = AppDelegate.swift; sourceTree = "<group>"; };
		D4A925D91ADF5CBA007595E4 /* ViewController.swift */ = {isa = PBXFileReference; lastKnownFileType = sourcecode.swift; path = ViewController.swift; sourceTree = "<group>"; };
		D4A925DC1ADF5CBA007595E4 /* Base */ = {isa = PBXFileReference; lastKnownFileType = file.storyboard; name = Base; path = Base.lproj/Main.storyboard; sourceTree = "<group>"; };
		D4A925DE1ADF5CBA007595E4 /* Images.xcassets */ = {isa = PBXFileReference; lastKnownFileType = folder.assetcatalog; path = Images.xcassets; sourceTree = "<group>"; };
		D4A925E11ADF5CBA007595E4 /* Base */ = {isa = PBXFileReference; lastKnownFileType = file.xib; name = Base; path = Base.lproj/LaunchScreen.xib; sourceTree = "<group>"; };
		D4A925E71ADF5CBA007595E4 /* Bio4Tests.xctest */ = {isa = PBXFileReference; explicitFileType = wrapper.cfbundle; includeInIndex = 0; path = Bio4Tests.xctest; sourceTree = BUILT_PRODUCTS_DIR; };
		D4A925EC1ADF5CBA007595E4 /* Info.plist */ = {isa = PBXFileReference; lastKnownFileType = text.plist.xml; path = Info.plist; sourceTree = "<group>"; };
		D4A925ED1ADF5CBA007595E4 /* Bio4Tests.swift */ = {isa = PBXFileReference; lastKnownFileType = sourcecode.swift; path = Bio4Tests.swift; sourceTree = "<group>"; };
/* End PBXFileReference section */

/* Begin PBXFrameworksBuildPhase section */
		D4A925CF1ADF5CBA007595E4 /* Frameworks */ = {
			isa = PBXFrameworksBuildPhase;
			buildActionMask = 2147483647;
			files = (
			);
			runOnlyForDeploymentPostprocessing = 0;
		};
		D4A925E41ADF5CBA007595E4 /* Frameworks */ = {
			isa = PBXFrameworksBuildPhase;
			buildActionMask = 2147483647;
			files = (
			);
			runOnlyForDeploymentPostprocessing = 0;
		};
/* End PBXFrameworksBuildPhase section */

/* Begin PBXGroup section */
		D4A925C91ADF5CBA007595E4 = {
			isa = PBXGroup;
			children = (
				D4A925D41ADF5CBA007595E4 /* Bio4 */,
				D4A925EA1ADF5CBA007595E4 /* Bio4Tests */,
				D4A925D31ADF5CBA007595E4 /* Products */,
			);
			sourceTree = "<group>";
		};
		D4A925D31ADF5CBA007595E4 /* Products */ = {
			isa = PBXGroup;
			children = (
				D4A925D21ADF5CBA007595E4 /* Bio4.app */,
				D4A925E71ADF5CBA007595E4 /* Bio4Tests.xctest */,
			);
			name = Products;
			sourceTree = "<group>";
		};
		D4A925D41ADF5CBA007595E4 /* Bio4 */ = {
			isa = PBXGroup;
			children = (
				D4A925D71ADF5CBA007595E4 /* AppDelegate.swift */,
				D4A925D91ADF5CBA007595E4 /* ViewController.swift */,
				D4A925DB1ADF5CBA007595E4 /* Main.storyboard */,
				D4A925DE1ADF5CBA007595E4 /* Images.xcassets */,
				D4A925E01ADF5CBA007595E4 /* LaunchScreen.xib */,
				D4A925D51ADF5CBA007595E4 /* Supporting Files */,
			);
			path = Bio4;
			sourceTree = "<group>";
		};
		D4A925D51ADF5CBA007595E4 /* Supporting Files */ = {
			isa = PBXGroup;
			children = (
				D4A925D61ADF5CBA007595E4 /* Info.plist */,
			);
			name = "Supporting Files";
			sourceTree = "<group>";
		};
		D4A925EA1ADF5CBA007595E4 /* Bio4Tests */ = {
			isa = PBXGroup;
			children = (
				D4A925ED1ADF5CBA007595E4 /* Bio4Tests.swift */,
				D4A925EB1ADF5CBA007595E4 /* Supporting Files */,
			);
			path = Bio4Tests;
			sourceTree = "<group>";
		};
		D4A925EB1ADF5CBA007595E4 /* Supporting Files */ = {
			isa = PBXGroup;
			children = (
				D4A925EC1ADF5CBA007595E4 /* Info.plist */,
			);
			name = "Supporting Files";
			sourceTree = "<group>";
		};
/* End PBXGroup section */

/* Begin PBXNativeTarget section */
		D4A925D11ADF5CBA007595E4 /* Bio4 */ = {
			isa = PBXNativeTarget;
			buildConfigurationList = D4A925F11ADF5CBA007595E4 /* Build configuration list for PBXNativeTarget "Bio4" */;
			buildPhases = (
				D4A925CE1ADF5CBA007595E4 /* Sources */,
				D4A925CF1ADF5CBA007595E4 /* Frameworks */,
				D4A925D01ADF5CBA007595E4 /* Resources */,
			);
			buildRules = (
			);
			dependencies = (
			);
			name = Bio4;
			productName = Bio4;
			productReference = D4A925D21ADF5CBA007595E4 /* Bio4.app */;
			productType = "com.apple.product-type.application";
		};
		D4A925E61ADF5CBA007595E4 /* Bio4Tests */ = {
			isa = PBXNativeTarget;
			buildConfigurationList = D4A925F41ADF5CBA007595E4 /* Build configuration list for PBXNativeTarget "Bio4Tests" */;
			buildPhases = (
				D4A925E31ADF5CBA007595E4 /* Sources */,
				D4A925E41ADF5CBA007595E4 /* Frameworks */,
				D4A925E51ADF5CBA007595E4 /* Resources */,
			);
			buildRules = (
			);
			dependencies = (
				D4A925E91ADF5CBA007595E4 /* PBXTargetDependency */,
			);
			name = Bio4Tests;
			productName = Bio4Tests;
			productReference = D4A925E71ADF5CBA007595E4 /* Bio4Tests.xctest */;
			productType = "com.apple.product-type.bundle.unit-test";
		};
/* End PBXNativeTarget section */

/* Begin PBXProject section */
		D4A925CA1ADF5CBA007595E4 /* Project object */ = {
			isa = PBXProject;
			attributes = {
				LastUpgradeCheck = 0630;
				ORGANIZATIONNAME = Rob;
				TargetAttributes = {
					D4A925D11ADF5CBA007595E4 = {
						CreatedOnToolsVersion = 6.3;
					};
					D4A925E61ADF5CBA007595E4 = {
						CreatedOnToolsVersion = 6.3;
						TestTargetID = D4A925D11ADF5CBA007595E4;
					};
				};
			};
			buildConfigurationList = D4A925CD1ADF5CBA007595E4 /* Build configuration list for PBXProject "Bio4" */;
			compatibilityVersion = "Xcode 3.2";
			developmentRegion = English;
			hasScannedForEncodings = 0;
			knownRegions = (
				en,
				Base,
			);
			mainGroup = D4A925C91ADF5CBA007595E4;
			productRefGroup = D4A925D31ADF5CBA007595E4 /* Products */;
			projectDirPath = "";
			projectRoot = "";
			targets = (
				D4A925D11ADF5CBA007595E4 /* Bio4 */,
				D4A925E61ADF5CBA007595E4 /* Bio4Tests */,
			);
		};
/* End PBXProject section */

/* Begin PBXResourcesBuildPhase section */
		D4A925D01ADF5CBA007595E4 /* Resources */ = {
			isa = PBXResourcesBuildPhase;
			buildActionMask = 2147483647;
			files = (
				D4A925DD1ADF5CBA007595E4 /* Main.storyboard in Resources */,
				D4A925E21ADF5CBA007595E4 /* LaunchScreen.xib in Resources */,
				D4A925DF1ADF5CBA007595E4 /* Images.xcassets in Resources */,
			);
			runOnlyForDeploymentPostprocessing = 0;
		};
		D4A925E51ADF5CBA007595E4 /* Resources */ = {
			isa = PBXResourcesBuildPhase;
			buildActionMask = 2147483647;
			files = (
			);
			runOnlyForDeploymentPostprocessing = 0;
		};
/* End PBXResourcesBuildPhase section */

/* Begin PBXSourcesBuildPhase section */
		D4A925CE1ADF5CBA007595E4 /* Sources */ = {
			isa = PBXSourcesBuildPhase;
			buildActionMask = 2147483647;
			files = (
				D4A925DA1ADF5CBA007595E4 /* ViewController.swift in Sources */,
				D4A925D81ADF5CBA007595E4 /* AppDelegate.swift in Sources */,
			);
			runOnlyForDeploymentPostprocessing = 0;
		};
		D4A925E31ADF5CBA007595E4 /* Sources */ = {
			isa = PBXSourcesBuildPhase;
			buildActionMask = 2147483647;
			files = (
				D4A925EE1ADF5CBA007595E4 /* Bio4Tests.swift in Sources */,
			);
			runOnlyForDeploymentPostprocessing = 0;
		};
/* End PBXSourcesBuildPhase section */

/* Begin PBXTargetDependency section */
		D4A925E91ADF5CBA007595E4 /* PBXTargetDependency */ = {
			isa = PBXTargetDependency;
			target = D4A925D11ADF5CBA007595E4 /* Bio4 */;
			targetProxy = D4A925E81ADF5CBA007595E4 /* PBXContainerItemProxy */;
		};
/* End PBXTargetDependency section */

/* Begin PBXVariantGroup section */
		D4A925DB1ADF5CBA007595E4 /* Main.storyboard */ = {
			isa = PBXVariantGroup;
			children = (
				D4A925DC1ADF5CBA007595E4 /* Base */,
			);
			name = Main.storyboard;
			sourceTree = "<group>";
		};
		D4A925E01ADF5CBA007595E4 /* LaunchScreen.xib */ = {
			isa = PBXVariantGroup;
			children = (
				D4A925E11ADF5CBA007595E4 /* Base */,
			);
			name = LaunchScreen.xib;
			sourceTree = "<group>";
		};
/* End PBXVariantGroup section */

/* Begin XCBuildConfiguration section */
		D4A925EF1ADF5CBA007595E4 /* Debug */ = {
			isa = XCBuildConfiguration;
			buildSettings = {
				ALWAYS_SEARCH_USER_PATHS = NO;
				CLANG_CXX_LANGUAGE_STANDARD = "gnu++0x";
				CLANG_CXX_LIBRARY = "libc++";
				CLANG_ENABLE_MODULES = YES;
				CLANG_ENABLE_OBJC_ARC = YES;
				CLANG_WARN_BOOL_CONVERSION = YES;
				CLANG_WARN_CONSTANT_CONVERSION = YES;
				CLANG_WARN_DIRECT_OBJC_ISA_USAGE = YES_ERROR;
				CLANG_WARN_EMPTY_BODY = YES;
				CLANG_WARN_ENUM_CONVERSION = YES;
				CLANG_WARN_INT_CONVERSION = YES;
				CLANG_WARN_OBJC_ROOT_CLASS = YES_ERROR;
				CLANG_WARN_UNREACHABLE_CODE = YES;
				CLANG_WARN__DUPLICATE_METHOD_MATCH = YES;
				"CODE_SIGN_IDENTITY[sdk=iphoneos*]" = "iPhone Developer";
				COPY_PHASE_STRIP = NO;
				DEBUG_INFORMATION_FORMAT = "dwarf-with-dsym";
				ENABLE_STRICT_OBJC_MSGSEND = YES;
				GCC_C_LANGUAGE_STANDARD = gnu99;
				GCC_DYNAMIC_NO_PIC = NO;
				GCC_NO_COMMON_BLOCKS = YES;
				GCC_OPTIMIZATION_LEVEL = 0;
				GCC_PREPROCESSOR_DEFINITIONS = (
					"DEBUG=1",
					"$(inherited)",
				);
				GCC_SYMBOLS_PRIVATE_EXTERN = NO;
				GCC_WARN_64_TO_32_BIT_CONVERSION = YES;
				GCC_WARN_ABOUT_RETURN_TYPE = YES_ERROR;
				GCC_WARN_UNDECLARED_SELECTOR = YES;
				GCC_WARN_UNINITIALIZED_AUTOS = YES_AGGRESSIVE;
				GCC_WARN_UNUSED_FUNCTION = YES;
				GCC_WARN_UNUSED_VARIABLE = YES;
				IPHONEOS_DEPLOYMENT_TARGET = 8.3;
				MTL_ENABLE_DEBUG_INFO = YES;
				ONLY_ACTIVE_ARCH = YES;
				SDKROOT = iphoneos;
				SWIFT_OPTIMIZATION_LEVEL = "-Onone";
				TARGETED_DEVICE_FAMILY = "1,2";
			};
			name = Debug;
		};
		D4A925F01ADF5CBA007595E4 /* Release */ = {
			isa = XCBuildConfiguration;
			buildSettings = {
				ALWAYS_SEARCH_USER_PATHS = NO;
				CLANG_CXX_LANGUAGE_STANDARD = "gnu++0x";
				CLANG_CXX_LIBRARY = "libc++";
				CLANG_ENABLE_MODULES = YES;
				CLANG_ENABLE_OBJC_ARC = YES;
				CLANG_WARN_BOOL_CONVERSION = YES;
				CLANG_WARN_CONSTANT_CONVERSION = YES;
				CLANG_WARN_DIRECT_OBJC_ISA_USAGE = YES_ERROR;
				CLANG_WARN_EMPTY_BODY = YES;
				CLANG_WARN_ENUM_CONVERSION = YES;
				CLANG_WARN_INT_CONVERSION = YES;
				CLANG_WARN_OBJC_ROOT_CLASS = YES_ERROR;
				CLANG_WARN_UNREACHABLE_CODE = YES;
				CLANG_WARN__DUPLICATE_METHOD_MATCH = YES;
				"CODE_SIGN_IDENTITY[sdk=iphoneos*]" = "iPhone Developer";
				COPY_PHASE_STRIP = NO;
				DEBUG_INFORMATION_FORMAT = "dwarf-with-dsym";
				ENABLE_NS_ASSERTIONS = NO;
				ENABLE_STRICT_OBJC_MSGSEND = YES;
				GCC_C_LANGUAGE_STANDARD = gnu99;
				GCC_NO_COMMON_BLOCKS = YES;
				GCC_WARN_64_TO_32_BIT_CONVERSION = YES;
				GCC_WARN_ABOUT_RETURN_TYPE = YES_ERROR;
				GCC_WARN_UNDECLARED_SELECTOR = YES;
				GCC_WARN_UNINITIALIZED_AUTOS = YES_AGGRESSIVE;
				GCC_WARN_UNUSED_FUNCTION = YES;
				GCC_WARN_UNUSED_VARIABLE = YES;
				IPHONEOS_DEPLOYMENT_TARGET = 8.3;
				MTL_ENABLE_DEBUG_INFO = NO;
				SDKROOT = iphoneos;
				TARGETED_DEVICE_FAMILY = "1,2";
				VALIDATE_PRODUCT = YES;
			};
			name = Release;
		};
		D4A925F21ADF5CBA007595E4 /* Debug */ = {
			isa = XCBuildConfiguration;
			buildSettings = {
				ASSETCATALOG_COMPILER_APPICON_NAME = AppIcon;
				INFOPLIST_FILE = Bio4/Info.plist;
				LD_RUNPATH_SEARCH_PATHS = "$(inherited) @executable_path/Frameworks";
				PRODUCT_NAME = "$(TARGET_NAME)";
			};
			name = Debug;
		};
		D4A925F31ADF5CBA007595E4 /* Release */ = {
			isa = XCBuildConfiguration;
			buildSettings = {
				ASSETCATALOG_COMPILER_APPICON_NAME = AppIcon;
				INFOPLIST_FILE = Bio4/Info.plist;
				LD_RUNPATH_SEARCH_PATHS = "$(inherited) @executable_path/Frameworks";
				PRODUCT_NAME = "$(TARGET_NAME)";
			};
			name = Release;
		};
		D4A925F51ADF5CBA007595E4 /* Debug */ = {
			isa = XCBuildConfiguration;
			buildSettings = {
				BUNDLE_LOADER = "$(TEST_HOST)";
				FRAMEWORK_SEARCH_PATHS = (
					"$(SDKROOT)/Developer/Library/Frameworks",
					"$(inherited)",
				);
				GCC_PREPROCESSOR_DEFINITIONS = (
					"DEBUG=1",
					"$(inherited)",
				);
				INFOPLIST_FILE = Bio4Tests/Info.plist;
				LD_RUNPATH_SEARCH_PATHS = "$(inherited) @executable_path/Frameworks @loader_path/Frameworks";
				PRODUCT_NAME = "$(TARGET_NAME)";
				TEST_HOST = "$(BUILT_PRODUCTS_DIR)/Bio4.app/Bio4";
			};
			name = Debug;
		};
		D4A925F61ADF5CBA007595E4 /* Release */ = {
			isa = XCBuildConfiguration;
			buildSettings = {
				BUNDLE_LOADER = "$(TEST_HOST)";
				FRAMEWORK_SEARCH_PATHS = (
					"$(SDKROOT)/Developer/Library/Frameworks",
					"$(inherited)",
				);
				INFOPLIST_FILE = Bio4Tests/Info.plist;
				LD_RUNPATH_SEARCH_PATHS = "$(inherited) @executable_path/Frameworks @loader_path/Frameworks";
				PRODUCT_NAME = "$(TARGET_NAME)";
				TEST_HOST = "$(BUILT_PRODUCTS_DIR)/Bio4.app/Bio4";
			};
			name = Release;
		};
/* End XCBuildConfiguration section */

/* Begin XCConfigurationList section */
		D4A925CD1ADF5CBA007595E4 /* Build configuration list for PBXProject "Bio4" */ = {
			isa = XCConfigurationList;
			buildConfigurations = (
				D4A925EF1ADF5CBA007595E4 /* Debug */,
				D4A925F01ADF5CBA007595E4 /* Release */,
			);
			defaultConfigurationIsVisible = 0;
			defaultConfigurationName = Release;
		};
		D4A925F11ADF5CBA007595E4 /* Build configuration list for PBXNativeTarget "Bio4" */ = {
			isa = XCConfigurationList;
			buildConfigurations = (
				D4A925F21ADF5CBA007595E4 /* Debug */,
				D4A925F31ADF5CBA007595E4 /* Release */,
			);
			defaultConfigurationIsVisible = 0;
		};
		D4A925F41ADF5CBA007595E4 /* Build configuration list for PBXNativeTarget "Bio4Tests" */ = {
			isa = XCConfigurationList;
			buildConfigurations = (
				D4A925F51ADF5CBA007595E4 /* Debug */,
				D4A925F61ADF5CBA007595E4 /* Release */,
			);
			defaultConfigurationIsVisible = 0;
		};
/* End XCConfigurationList section */
	};
	rootObject = D4A925CA1ADF5CBA007595E4 /* Project object */;
}
